
Microsoft Visual Studio Solution File, Format Version 12.00
# Visual Studio Version 17
VisualStudioVersion = 17.6.33815.320
MinimumVisualStudioVersion = 10.0.40219.1
Project("{FAE04EC0-301F-11D3-BF4B-00C04F79EFBC}") = "YouTubeEgitim", "YouTubeEgitim.csproj", "{29784DCD-4A33-4E0B-9DCF-9F86359F0A90}"
EndProject
Global
	GlobalSection(SolutionConfigurationPlatforms) = preSolution
		Debug|Any CPU = Debug|Any CPU
		Release|Any CPU = Release|Any CPU
	EndGlobalSection
	GlobalSection(ProjectConfigurationPlatforms) = postSolution
		{29784DCD-4A33-4E0B-9DCF-9F86359F0A90}.Debug|Any CPU.ActiveCfg = Debug|Any CPU
		{29784DCD-4A33-4E0B-9DCF-9F86359F0A90}.Debug|Any CPU.Build.0 = Debug|Any CPU
		{29784DCD-4A33-4E0B-9DCF-9F86359F0A90}.Release|Any CPU.ActiveCfg = Release|Any CPU
		{29784DCD-4A33-4E0B-9DCF-9F86359F0A90}.Release|Any CPU.Build.0 = Release|Any CPU
	EndGlobalSection
	GlobalSection(SolutionProperties) = preSolution
		HideSolutionNode = FALSE
	EndGlobalSection
	GlobalSection(ExtensibilityGlobals) = postSolution
		SolutionGuid = {631B34DA-AFE0-4CF5-A92E-5AF4F2DF8491}
	EndGlobalSection
EndGlobal
